
Microsoft Visual Studio Solution File, Format Version 12.00
# Visual Studio Version 16
VisualStudioVersion = 16.0.30021.99
MinimumVisualStudioVersion = 10.0.40219.1
Project("{FAE04EC0-301F-11D3-BF4B-00C04F79EFBC}") = "BitWise", "BitWise\BitWise.csproj", "{D6AF45C4-E1EA-47A2-8DD0-6FEB5942A9BB}"
EndProject
Project("{FAE04EC0-301F-11D3-BF4B-00C04F79EFBC}") = "StringCompression", "StringCompression\StringCompression.csproj", "{97E194CF-3757-4B73-80D5-D6189985FCDC}"
EndProject
Project("{FAE04EC0-301F-11D3-BF4B-00C04F79EFBC}") = "OneAway", "OneAway\OneAway.csproj", "{8BBCE039-5F5B-458E-B9B9-5634F5A64634}"
EndProject
Global
	GlobalSection(SolutionConfigurationPlatforms) = preSolution
		Debug|Any CPU = Debug|Any CPU
		Release|Any CPU = Release|Any CPU
	EndGlobalSection
	GlobalSection(ProjectConfigurationPlatforms) = postSolution
		{D6AF45C4-E1EA-47A2-8DD0-6FEB5942A9BB}.Debug|Any CPU.ActiveCfg = Debug|Any CPU
		{D6AF45C4-E1EA-47A2-8DD0-6FEB5942A9BB}.Debug|Any CPU.Build.0 = Debug|Any CPU
		{D6AF45C4-E1EA-47A2-8DD0-6FEB5942A9BB}.Release|Any CPU.ActiveCfg = Release|Any CPU
		{D6AF45C4-E1EA-47A2-8DD0-6FEB5942A9BB}.Release|Any CPU.Build.0 = Release|Any CPU
		{97E194CF-3757-4B73-80D5-D6189985FCDC}.Debug|Any CPU.ActiveCfg = Debug|Any CPU
		{97E194CF-3757-4B73-80D5-D6189985FCDC}.Debug|Any CPU.Build.0 = Debug|Any CPU
		{97E194CF-3757-4B73-80D5-D6189985FCDC}.Release|Any CPU.ActiveCfg = Release|Any CPU
		{97E194CF-3757-4B73-80D5-D6189985FCDC}.Release|Any CPU.Build.0 = Release|Any CPU
		{8BBCE039-5F5B-458E-B9B9-5634F5A64634}.Debug|Any CPU.ActiveCfg = Debug|Any CPU
		{8BBCE039-5F5B-458E-B9B9-5634F5A64634}.Debug|Any CPU.Build.0 = Debug|Any CPU
		{8BBCE039-5F5B-458E-B9B9-5634F5A64634}.Release|Any CPU.ActiveCfg = Release|Any CPU
		{8BBCE039-5F5B-458E-B9B9-5634F5A64634}.Release|Any CPU.Build.0 = Release|Any CPU
	EndGlobalSection
	GlobalSection(SolutionProperties) = preSolution
		HideSolutionNode = FALSE
	EndGlobalSection
	GlobalSection(ExtensibilityGlobals) = postSolution
		SolutionGuid = {52F28CA1-A647-4B37-9187-F6E00AC4A685}
	EndGlobalSection
EndGlobal
